
Microsoft Visual Studio Solution File, Format Version 12.00
# Visual Studio Version 16
VisualStudioVersion = 16.0.30907.101
MinimumVisualStudioVersion = 10.0.40219.1
Project("{FAE04EC0-301F-11D3-BF4B-00C04F79EFBC}") = "RefOut", "RefOut\RefOut.csproj", "{129A08FB-D9A1-4687-8B23-FA4711BAAA62}"
EndProject
Project("{FAE04EC0-301F-11D3-BF4B-00C04F79EFBC}") = "ClassMetotDemo", "ClassMetotDemo\ClassMetotDemo.csproj", "{2ACFA339-687D-4ED1-8599-A3C91155DA7A}"
EndProject
Global
	GlobalSection(SolutionConfigurationPlatforms) = preSolution
		Debug|Any CPU = Debug|Any CPU
		Release|Any CPU = Release|Any CPU
	EndGlobalSection
	GlobalSection(ProjectConfigurationPlatforms) = postSolution
		{129A08FB-D9A1-4687-8B23-FA4711BAAA62}.Debug|Any CPU.ActiveCfg = Debug|Any CPU
		{129A08FB-D9A1-4687-8B23-FA4711BAAA62}.Debug|Any CPU.Build.0 = Debug|Any CPU
		{129A08FB-D9A1-4687-8B23-FA4711BAAA62}.Release|Any CPU.ActiveCfg = Release|Any CPU
		{129A08FB-D9A1-4687-8B23-FA4711BAAA62}.Release|Any CPU.Build.0 = Release|Any CPU
		{2ACFA339-687D-4ED1-8599-A3C91155DA7A}.Debug|Any CPU.ActiveCfg = Debug|Any CPU
		{2ACFA339-687D-4ED1-8599-A3C91155DA7A}.Debug|Any CPU.Build.0 = Debug|Any CPU
		{2ACFA339-687D-4ED1-8599-A3C91155DA7A}.Release|Any CPU.ActiveCfg = Release|Any CPU
		{2ACFA339-687D-4ED1-8599-A3C91155DA7A}.Release|Any CPU.Build.0 = Release|Any CPU
	EndGlobalSection
	GlobalSection(SolutionProperties) = preSolution
		HideSolutionNode = FALSE
	EndGlobalSection
	GlobalSection(ExtensibilityGlobals) = postSolution
		SolutionGuid = {9035DA31-8A36-4ADC-B911-2FEC8CDD8B63}
	EndGlobalSection
EndGlobal
